
Microsoft Visual Studio Solution File, Format Version 12.00
# Visual Studio Version 16
VisualStudioVersion = 16.0.30114.105
MinimumVisualStudioVersion = 10.0.40219.1
Project("{FAE04EC0-301F-11D3-BF4B-00C04F79EFBC}") = "TestGithub2.Server", "Server\TestGithub2.Server.csproj", "{4F348E14-D0AB-47AE-B61A-F3F35F7F483E}"
EndProject
Project("{FAE04EC0-301F-11D3-BF4B-00C04F79EFBC}") = "TestGithub2.Client", "Client\TestGithub2.Client.csproj", "{74743F90-6D3C-452E-91F9-10ED226E6F2B}"
EndProject
Project("{FAE04EC0-301F-11D3-BF4B-00C04F79EFBC}") = "TestGithub2.Shared", "Shared\TestGithub2.Shared.csproj", "{B61D0E25-7346-417C-99E3-51C0C2BBF697}"
EndProject
Global
	GlobalSection(SolutionConfigurationPlatforms) = preSolution
		Debug|Any CPU = Debug|Any CPU
		Release|Any CPU = Release|Any CPU
	EndGlobalSection
	GlobalSection(ProjectConfigurationPlatforms) = postSolution
		{4F348E14-D0AB-47AE-B61A-F3F35F7F483E}.Debug|Any CPU.ActiveCfg = Debug|Any CPU
		{4F348E14-D0AB-47AE-B61A-F3F35F7F483E}.Debug|Any CPU.Build.0 = Debug|Any CPU
		{4F348E14-D0AB-47AE-B61A-F3F35F7F483E}.Release|Any CPU.ActiveCfg = Release|Any CPU
		{4F348E14-D0AB-47AE-B61A-F3F35F7F483E}.Release|Any CPU.Build.0 = Release|Any CPU
		{74743F90-6D3C-452E-91F9-10ED226E6F2B}.Debug|Any CPU.ActiveCfg = Debug|Any CPU
		{74743F90-6D3C-452E-91F9-10ED226E6F2B}.Debug|Any CPU.Build.0 = Debug|Any CPU
		{74743F90-6D3C-452E-91F9-10ED226E6F2B}.Release|Any CPU.ActiveCfg = Release|Any CPU
		{74743F90-6D3C-452E-91F9-10ED226E6F2B}.Release|Any CPU.Build.0 = Release|Any CPU
		{B61D0E25-7346-417C-99E3-51C0C2BBF697}.Debug|Any CPU.ActiveCfg = Debug|Any CPU
		{B61D0E25-7346-417C-99E3-51C0C2BBF697}.Debug|Any CPU.Build.0 = Debug|Any CPU
		{B61D0E25-7346-417C-99E3-51C0C2BBF697}.Release|Any CPU.ActiveCfg = Release|Any CPU
		{B61D0E25-7346-417C-99E3-51C0C2BBF697}.Release|Any CPU.Build.0 = Release|Any CPU
	EndGlobalSection
	GlobalSection(SolutionProperties) = preSolution
		HideSolutionNode = FALSE
	EndGlobalSection
	GlobalSection(ExtensibilityGlobals) = postSolution
		SolutionGuid = {1C5258CE-4C40-42CA-9173-919318549C32}
	EndGlobalSection
EndGlobal
